// !$*UTF8*$!
{
	archiveVersion = 1;
	classes = {
	};
	objectVersion = 56;
	objects = {

/* Begin PBXBuildFile section */
		54004E662B5EE92000D4A46C /* MapViewController.swift in Sources */ = {isa = PBXBuildFile; fileRef = 54004E652B5EE92000D4A46C /* MapViewController.swift */; };
		54BA8C9B2B76DBC5009153D1 /* Localizable.strings in Resources */ = {isa = PBXBuildFile; fileRef = 54BA8C9D2B76DBC5009153D1 /* Localizable.strings */; };
		54EC56CD2B50C77500D8EDEB /* AppDelegate.swift in Sources */ = {isa = PBXBuildFile; fileRef = 54EC56CC2B50C77500D8EDEB /* AppDelegate.swift */; };
		54EC56CF2B50C77500D8EDEB /* SceneDelegate.swift in Sources */ = {isa = PBXBuildFile; fileRef = 54EC56CE2B50C77500D8EDEB /* SceneDelegate.swift */; };
		54EC56D12B50C77500D8EDEB /* ConversionViewController.swift in Sources */ = {isa = PBXBuildFile; fileRef = 54EC56D02B50C77500D8EDEB /* ConversionViewController.swift */; };
		54EC56D42B50C77500D8EDEB /* Main.storyboard in Resources */ = {isa = PBXBuildFile; fileRef = 54EC56D22B50C77500D8EDEB /* Main.storyboard */; };
		54EC56D62B50C77600D8EDEB /* Assets.xcassets in Resources */ = {isa = PBXBuildFile; fileRef = 54EC56D52B50C77600D8EDEB /* Assets.xcassets */; };
		54EC56D92B50C77600D8EDEB /* LaunchScreen.storyboard in Resources */ = {isa = PBXBuildFile; fileRef = 54EC56D72B50C77600D8EDEB /* LaunchScreen.storyboard */; };
		54EC56E42B50C77600D8EDEB /* WorldTrotterTests.swift in Sources */ = {isa = PBXBuildFile; fileRef = 54EC56E32B50C77600D8EDEB /* WorldTrotterTests.swift */; };
		54EC56EE2B50C77600D8EDEB /* WorldTrotterUITests.swift in Sources */ = {isa = PBXBuildFile; fileRef = 54EC56ED2B50C77600D8EDEB /* WorldTrotterUITests.swift */; };
		54EC56F02B50C77600D8EDEB /* WorldTrotterUITestsLaunchTests.swift in Sources */ = {isa = PBXBuildFile; fileRef = 54EC56EF2B50C77600D8EDEB /* WorldTrotterUITestsLaunchTests.swift */; };
/* End PBXBuildFile section */

/* Begin PBXContainerItemProxy section */
		54EC56E02B50C77600D8EDEB /* PBXContainerItemProxy */ = {
			isa = PBXContainerItemProxy;
			containerPortal = 54EC56C12B50C77500D8EDEB /* Project object */;
			proxyType = 1;
			remoteGlobalIDString = 54EC56C82B50C77500D8EDEB;
			remoteInfo = WorldTrotter;
		};
		54EC56EA2B50C77600D8EDEB /* PBXContainerItemProxy */ = {
			isa = PBXContainerItemProxy;
			containerPortal = 54EC56C12B50C77500D8EDEB /* Project object */;
			proxyType = 1;
			remoteGlobalIDString = 54EC56C82B50C77500D8EDEB;
			remoteInfo = WorldTrotter;
		};
/* End PBXContainerItemProxy section */

/* Begin PBXFileReference section */
		54004E652B5EE92000D4A46C /* MapViewController.swift */ = {isa = PBXFileReference; lastKnownFileType = sourcecode.swift; path = MapViewController.swift; sourceTree = "<group>"; };
		544B51BE2B76C4E900AD3CEB /* en */ = {isa = PBXFileReference; lastKnownFileType = text.plist.strings; name = en; path = en.lproj/Main.strings; sourceTree = "<group>"; };
		544B51BF2B76C5FB00AD3CEB /* es */ = {isa = PBXFileReference; lastKnownFileType = text.plist.strings; name = es; path = es.lproj/Main.strings; sourceTree = "<group>"; };
		54BA8C9C2B76DBC5009153D1 /* es */ = {isa = PBXFileReference; lastKnownFileType = text.plist.strings; name = es; path = es.lproj/Localizable.strings; sourceTree = "<group>"; };
		54BA8C9F2B76DC28009153D1 /* en */ = {isa = PBXFileReference; lastKnownFileType = text.plist.strings; name = en; path = en.lproj/Localizable.strings; sourceTree = "<group>"; };
		54BA8CA02B76DEE7009153D1 /* he */ = {isa = PBXFileReference; lastKnownFileType = text.plist.strings; name = he; path = he.lproj/Main.strings; sourceTree = "<group>"; };
		54BA8CA12B76DEE7009153D1 /* he */ = {isa = PBXFileReference; lastKnownFileType = text.plist.strings; name = he; path = he.lproj/Localizable.strings; sourceTree = "<group>"; };
		54EC56C92B50C77500D8EDEB /* WorldTrotter.app */ = {isa = PBXFileReference; explicitFileType = wrapper.application; includeInIndex = 0; path = WorldTrotter.app; sourceTree = BUILT_PRODUCTS_DIR; };
		54EC56CC2B50C77500D8EDEB /* AppDelegate.swift */ = {isa = PBXFileReference; lastKnownFileType = sourcecode.swift; path = AppDelegate.swift; sourceTree = "<group>"; };
		54EC56CE2B50C77500D8EDEB /* SceneDelegate.swift */ = {isa = PBXFileReference; lastKnownFileType = sourcecode.swift; path = SceneDelegate.swift; sourceTree = "<group>"; };
		54EC56D02B50C77500D8EDEB /* ConversionViewController.swift */ = {isa = PBXFileReference; lastKnownFileType = sourcecode.swift; path = ConversionViewController.swift; sourceTree = "<group>"; };
		54EC56D32B50C77500D8EDEB /* Base */ = {isa = PBXFileReference; lastKnownFileType = file.storyboard; name = Base; path = Base.lproj/Main.storyboard; sourceTree = "<group>"; };
		54EC56D52B50C77600D8EDEB /* Assets.xcassets */ = {isa = PBXFileReference; lastKnownFileType = folder.assetcatalog; path = Assets.xcassets; sourceTree = "<group>"; };
		54EC56D82B50C77600D8EDEB /* Base */ = {isa = PBXFileReference; lastKnownFileType = file.storyboard; name = Base; path = Base.lproj/LaunchScreen.storyboard; sourceTree = "<group>"; };
		54EC56DA2B50C77600D8EDEB /* Info.plist */ = {isa = PBXFileReference; lastKnownFileType = text.plist.xml; path = Info.plist; sourceTree = "<group>"; };
		54EC56DF2B50C77600D8EDEB /* WorldTrotterTests.xctest */ = {isa = PBXFileReference; explicitFileType = wrapper.cfbundle; includeInIndex = 0; path = WorldTrotterTests.xctest; sourceTree = BUILT_PRODUCTS_DIR; };
		54EC56E32B50C77600D8EDEB /* WorldTrotterTests.swift */ = {isa = PBXFileReference; lastKnownFileType = sourcecode.swift; path = WorldTrotterTests.swift; sourceTree = "<group>"; };
		54EC56E92B50C77600D8EDEB /* WorldTrotterUITests.xctest */ = {isa = PBXFileReference; explicitFileType = wrapper.cfbundle; includeInIndex = 0; path = WorldTrotterUITests.xctest; sourceTree = BUILT_PRODUCTS_DIR; };
		54EC56ED2B50C77600D8EDEB /* WorldTrotterUITests.swift */ = {isa = PBXFileReference; lastKnownFileType = sourcecode.swift; path = WorldTrotterUITests.swift; sourceTree = "<group>"; };
		54EC56EF2B50C77600D8EDEB /* WorldTrotterUITestsLaunchTests.swift */ = {isa = PBXFileReference; lastKnownFileType = sourcecode.swift; path = WorldTrotterUITestsLaunchTests.swift; sourceTree = "<group>"; };
/* End PBXFileReference section */

/* Begin PBXFrameworksBuildPhase section */
		54EC56C62B50C77500D8EDEB /* Frameworks */ = {
			isa = PBXFrameworksBuildPhase;
			buildActionMask = 2147483647;
			files = (
			);
			runOnlyForDeploymentPostprocessing = 0;
		};
		54EC56DC2B50C77600D8EDEB /* Frameworks */ = {
			isa = PBXFrameworksBuildPhase;
			buildActionMask = 2147483647;
			files = (
			);
			runOnlyForDeploymentPostprocessing = 0;
		};
		54EC56E62B50C77600D8EDEB /* Frameworks */ = {
			isa = PBXFrameworksBuildPhase;
			buildActionMask = 2147483647;
			files = (
			);
			runOnlyForDeploymentPostprocessing = 0;
		};
/* End PBXFrameworksBuildPhase section */

/* Begin PBXGroup section */
		54EC56C02B50C77500D8EDEB = {
			isa = PBXGroup;
			children = (
				54EC56CB2B50C77500D8EDEB /* WorldTrotter */,
				54EC56E22B50C77600D8EDEB /* WorldTrotterTests */,
				54EC56EC2B50C77600D8EDEB /* WorldTrotterUITests */,
				54EC56CA2B50C77500D8EDEB /* Products */,
			);
			sourceTree = "<group>";
		};
		54EC56CA2B50C77500D8EDEB /* Products */ = {
			isa = PBXGroup;
			children = (
				54EC56C92B50C77500D8EDEB /* WorldTrotter.app */,
				54EC56DF2B50C77600D8EDEB /* WorldTrotterTests.xctest */,
				54EC56E92B50C77600D8EDEB /* WorldTrotterUITests.xctest */,
			);
			name = Products;
			sourceTree = "<group>";
		};
		54EC56CB2B50C77500D8EDEB /* WorldTrotter */ = {
			isa = PBXGroup;
			children = (
				54EC56CC2B50C77500D8EDEB /* AppDelegate.swift */,
				54EC56CE2B50C77500D8EDEB /* SceneDelegate.swift */,
				54EC56D02B50C77500D8EDEB /* ConversionViewController.swift */,
				54004E652B5EE92000D4A46C /* MapViewController.swift */,
				54BA8C9D2B76DBC5009153D1 /* Localizable.strings */,
				54EC56D22B50C77500D8EDEB /* Main.storyboard */,
				54EC56D52B50C77600D8EDEB /* Assets.xcassets */,
				54EC56D72B50C77600D8EDEB /* LaunchScreen.storyboard */,
				54EC56DA2B50C77600D8EDEB /* Info.plist */,
			);
			path = WorldTrotter;
			sourceTree = "<group>";
		};
		54EC56E22B50C77600D8EDEB /* WorldTrotterTests */ = {
			isa = PBXGroup;
			children = (
				54EC56E32B50C77600D8EDEB /* WorldTrotterTests.swift */,
			);
			path = WorldTrotterTests;
			sourceTree = "<group>";
		};
		54EC56EC2B50C77600D8EDEB /* WorldTrotterUITests */ = {
			isa = PBXGroup;
			children = (
				54EC56ED2B50C77600D8EDEB /* WorldTrotterUITests.swift */,
				54EC56EF2B50C77600D8EDEB /* WorldTrotterUITestsLaunchTests.swift */,
			);
			path = WorldTrotterUITests;
			sourceTree = "<group>";
		};
/* End PBXGroup section */

/* Begin PBXNativeTarget section */
		54EC56C82B50C77500D8EDEB /* WorldTrotter */ = {
			isa = PBXNativeTarget;
			buildConfigurationList = 54EC56F32B50C77600D8EDEB /* Build configuration list for PBXNativeTarget "WorldTrotter" */;
			buildPhases = (
				54EC56C52B50C77500D8EDEB /* Sources */,
				54EC56C62B50C77500D8EDEB /* Frameworks */,
				54EC56C72B50C77500D8EDEB /* Resources */,
			);
			buildRules = (
			);
			dependencies = (
			);
			name = WorldTrotter;
			productName = WorldTrotter;
			productReference = 54EC56C92B50C77500D8EDEB /* WorldTrotter.app */;
			productType = "com.apple.product-type.application";
		};
		54EC56DE2B50C77600D8EDEB /* WorldTrotterTests */ = {
			isa = PBXNativeTarget;
			buildConfigurationList = 54EC56F62B50C77600D8EDEB /* Build configuration list for PBXNativeTarget "WorldTrotterTests" */;
			buildPhases = (
				54EC56DB2B50C77600D8EDEB /* Sources */,
				54EC56DC2B50C77600D8EDEB /* Frameworks */,
				54EC56DD2B50C77600D8EDEB /* Resources */,
			);
			buildRules = (
			);
			dependencies = (
				54EC56E12B50C77600D8EDEB /* PBXTargetDependency */,
			);
			name = WorldTrotterTests;
			productName = WorldTrotterTests;
			productReference = 54EC56DF2B50C77600D8EDEB /* WorldTrotterTests.xctest */;
			productType = "com.apple.product-type.bundle.unit-test";
		};
		54EC56E82B50C77600D8EDEB /* WorldTrotterUITests */ = {
			isa = PBXNativeTarget;
			buildConfigurationList = 54EC56F92B50C77600D8EDEB /* Build configuration list for PBXNativeTarget "WorldTrotterUITests" */;
			buildPhases = (
				54EC56E52B50C77600D8EDEB /* Sources */,
				54EC56E62B50C77600D8EDEB /* Frameworks */,
				54EC56E72B50C77600D8EDEB /* Resources */,
			);
			buildRules = (
			);
			dependencies = (
				54EC56EB2B50C77600D8EDEB /* PBXTargetDependency */,
			);
			name = WorldTrotterUITests;
			productName = WorldTrotterUITests;
			productReference = 54EC56E92B50C77600D8EDEB /* WorldTrotterUITests.xctest */;
			productType = "com.apple.product-type.bundle.ui-testing";
		};
/* End PBXNativeTarget section */

/* Begin PBXProject section */
		54EC56C12B50C77500D8EDEB /* Project object */ = {
			isa = PBXProject;
			attributes = {
				BuildIndependentTargetsInParallel = 1;
				LastSwiftUpdateCheck = 1430;
				LastUpgradeCheck = 1430;
				TargetAttributes = {
					54EC56C82B50C77500D8EDEB = {
						CreatedOnToolsVersion = 14.3;
					};
					54EC56DE2B50C77600D8EDEB = {
						CreatedOnToolsVersion = 14.3;
						TestTargetID = 54EC56C82B50C77500D8EDEB;
					};
					54EC56E82B50C77600D8EDEB = {
						CreatedOnToolsVersion = 14.3;
						TestTargetID = 54EC56C82B50C77500D8EDEB;
					};
				};
			};
			buildConfigurationList = 54EC56C42B50C77500D8EDEB /* Build configuration list for PBXProject "WorldTrotter" */;
			compatibilityVersion = "Xcode 14.0";
			developmentRegion = en;
			hasScannedForEncodings = 0;
			knownRegions = (
				en,
				Base,
				es,
				he,
			);
			mainGroup = 54EC56C02B50C77500D8EDEB;
			productRefGroup = 54EC56CA2B50C77500D8EDEB /* Products */;
			projectDirPath = "";
			projectRoot = "";
			targets = (
				54EC56C82B50C77500D8EDEB /* WorldTrotter */,
				54EC56DE2B50C77600D8EDEB /* WorldTrotterTests */,
				54EC56E82B50C77600D8EDEB /* WorldTrotterUITests */,
			);
		};
/* End PBXProject section */

/* Begin PBXResourcesBuildPhase section */
		54EC56C72B50C77500D8EDEB /* Resources */ = {
			isa = PBXResourcesBuildPhase;
			buildActionMask = 2147483647;
			files = (
				54EC56D92B50C77600D8EDEB /* LaunchScreen.storyboard in Resources */,
				54BA8C9B2B76DBC5009153D1 /* Localizable.strings in Resources */,
				54EC56D62B50C77600D8EDEB /* Assets.xcassets in Resources */,
				54EC56D42B50C77500D8EDEB /* Main.storyboard in Resources */,
			);
			runOnlyForDeploymentPostprocessing = 0;
		};
		54EC56DD2B50C77600D8EDEB /* Resources */ = {
			isa = PBXResourcesBuildPhase;
			buildActionMask = 2147483647;
			files = (
			);
			runOnlyForDeploymentPostprocessing = 0;
		};
		54EC56E72B50C77600D8EDEB /* Resources */ = {
			isa = PBXResourcesBuildPhase;
			buildActionMask = 2147483647;
			files = (
			);
			runOnlyForDeploymentPostprocessing = 0;
		};
/* End PBXResourcesBuildPhase section */

/* Begin PBXSourcesBuildPhase section */
		54EC56C52B50C77500D8EDEB /* Sources */ = {
			isa = PBXSourcesBuildPhase;
			buildActionMask = 2147483647;
			files = (
				54EC56D12B50C77500D8EDEB /* ConversionViewController.swift in Sources */,
				54EC56CD2B50C77500D8EDEB /* AppDelegate.swift in Sources */,
				54EC56CF2B50C77500D8EDEB /* SceneDelegate.swift in Sources */,
				54004E662B5EE92000D4A46C /* MapViewController.swift in Sources */,
			);
			runOnlyForDeploymentPostprocessing = 0;
		};
		54EC56DB2B50C77600D8EDEB /* Sources */ = {
			isa = PBXSourcesBuildPhase;
			buildActionMask = 2147483647;
			files = (
				54EC56E42B50C77600D8EDEB /* WorldTrotterTests.swift in Sources */,
			);
			runOnlyForDeploymentPostprocessing = 0;
		};
		54EC56E52B50C77600D8EDEB /* Sources */ = {
			isa = PBXSourcesBuildPhase;
			buildActionMask = 2147483647;
			files = (
				54EC56F02B50C77600D8EDEB /* WorldTrotterUITestsLaunchTests.swift in Sources */,
				54EC56EE2B50C77600D8EDEB /* WorldTrotterUITests.swift in Sources */,
			);
			runOnlyForDeploymentPostprocessing = 0;
		};
/* End PBXSourcesBuildPhase section */

/* Begin PBXTargetDependency section */
		54EC56E12B50C77600D8EDEB /* PBXTargetDependency */ = {
			isa = PBXTargetDependency;
			target = 54EC56C82B50C77500D8EDEB /* WorldTrotter */;
			targetProxy = 54EC56E02B50C77600D8EDEB /* PBXContainerItemProxy */;
		};
		54EC56EB2B50C77600D8EDEB /* PBXTargetDependency */ = {
			isa = PBXTargetDependency;
			target = 54EC56C82B50C77500D8EDEB /* WorldTrotter */;
			targetProxy = 54EC56EA2B50C77600D8EDEB /* PBXContainerItemProxy */;
		};
/* End PBXTargetDependency section */

/* Begin PBXVariantGroup section */
		54BA8C9D2B76DBC5009153D1 /* Localizable.strings */ = {
			isa = PBXVariantGroup;
			children = (
				54BA8C9C2B76DBC5009153D1 /* es */,
				54BA8C9F2B76DC28009153D1 /* en */,
				54BA8CA12B76DEE7009153D1 /* he */,
			);
			name = Localizable.strings;
			sourceTree = "<group>";
		};
		54EC56D22B50C77500D8EDEB /* Main.storyboard */ = {
			isa = PBXVariantGroup;
			children = (
				54EC56D32B50C77500D8EDEB /* Base */,
				544B51BE2B76C4E900AD3CEB /* en */,
				544B51BF2B76C5FB00AD3CEB /* es */,
				54BA8CA02B76DEE7009153D1 /* he */,
			);
			name = Main.storyboard;
			sourceTree = "<group>";
		};
		54EC56D72B50C77600D8EDEB /* LaunchScreen.storyboard */ = {
			isa = PBXVariantGroup;
			children = (
				54EC56D82B50C77600D8EDEB /* Base */,
			);
			name = LaunchScreen.storyboard;
			sourceTree = "<group>";
		};
/* End PBXVariantGroup section */

/* Begin XCBuildConfiguration section */
		54EC56F12B50C77600D8EDEB /* Debug */ = {
			isa = XCBuildConfiguration;
			buildSettings = {
				ALWAYS_SEARCH_USER_PATHS = NO;
				CLANG_ANALYZER_LOCALIZABILITY_NONLOCALIZED = YES;
				CLANG_ANALYZER_NONNULL = YES;
				CLANG_ANALYZER_NUMBER_OBJECT_CONVERSION = YES_AGGRESSIVE;
				CLANG_CXX_LANGUAGE_STANDARD = "gnu++20";
				CLANG_ENABLE_MODULES = YES;
				CLANG_ENABLE_OBJC_ARC = YES;
				CLANG_ENABLE_OBJC_WEAK = YES;
				CLANG_WARN_BLOCK_CAPTURE_AUTORELEASING = YES;
				CLANG_WARN_BOOL_CONVERSION = YES;
				CLANG_WARN_COMMA = YES;
				CLANG_WARN_CONSTANT_CONVERSION = YES;
				CLANG_WARN_DEPRECATED_OBJC_IMPLEMENTATIONS = YES;
				CLANG_WARN_DIRECT_OBJC_ISA_USAGE = YES_ERROR;
				CLANG_WARN_DOCUMENTATION_COMMENTS = YES;
				CLANG_WARN_EMPTY_BODY = YES;
				CLANG_WARN_ENUM_CONVERSION = YES;
				CLANG_WARN_INFINITE_RECURSION = YES;
				CLANG_WARN_INT_CONVERSION = YES;
				CLANG_WARN_NON_LITERAL_NULL_CONVERSION = YES;
				CLANG_WARN_OBJC_IMPLICIT_RETAIN_SELF = YES;
				CLANG_WARN_OBJC_LITERAL_CONVERSION = YES;
				CLANG_WARN_OBJC_ROOT_CLASS = YES_ERROR;
				CLANG_WARN_QUOTED_INCLUDE_IN_FRAMEWORK_HEADER = YES;
				CLANG_WARN_RANGE_LOOP_ANALYSIS = YES;
				CLANG_WARN_STRICT_PROTOTYPES = YES;
				CLANG_WARN_SUSPICIOUS_MOVE = YES;
				CLANG_WARN_UNGUARDED_AVAILABILITY = YES_AGGRESSIVE;
				CLANG_WARN_UNREACHABLE_CODE = YES;
				CLANG_WARN__DUPLICATE_METHOD_MATCH = YES;
				COPY_PHASE_STRIP = NO;
				DEBUG_INFORMATION_FORMAT = dwarf;
				ENABLE_STRICT_OBJC_MSGSEND = YES;
				ENABLE_TESTABILITY = YES;
				GCC_C_LANGUAGE_STANDARD = gnu11;
				GCC_DYNAMIC_NO_PIC = NO;
				GCC_NO_COMMON_BLOCKS = YES;
				GCC_OPTIMIZATION_LEVEL = 0;
				GCC_PREPROCESSOR_DEFINITIONS = (
					"DEBUG=1",
					"$(inherited)",
				);
				GCC_WARN_64_TO_32_BIT_CONVERSION = YES;
				GCC_WARN_ABOUT_RETURN_TYPE = YES_ERROR;
				GCC_WARN_UNDECLARED_SELECTOR = YES;
				GCC_WARN_UNINITIALIZED_AUTOS = YES_AGGRESSIVE;
				GCC_WARN_UNUSED_FUNCTION = YES;
				GCC_WARN_UNUSED_VARIABLE = YES;
				IPHONEOS_DEPLOYMENT_TARGET = 16.4;
				MTL_ENABLE_DEBUG_INFO = INCLUDE_SOURCE;
				MTL_FAST_MATH = YES;
				ONLY_ACTIVE_ARCH = YES;
				SDKROOT = iphoneos;
				SWIFT_ACTIVE_COMPILATION_CONDITIONS = DEBUG;
				SWIFT_OPTIMIZATION_LEVEL = "-Onone";
			};
			name = Debug;
		};
		54EC56F22B50C77600D8EDEB /* Release */ = {
			isa = XCBuildConfiguration;
			buildSettings = {
				ALWAYS_SEARCH_USER_PATHS = NO;
				CLANG_ANALYZER_LOCALIZABILITY_NONLOCALIZED = YES;
				CLANG_ANALYZER_NONNULL = YES;
				CLANG_ANALYZER_NUMBER_OBJECT_CONVERSION = YES_AGGRESSIVE;
				CLANG_CXX_LANGUAGE_STANDARD = "gnu++20";
				CLANG_ENABLE_MODULES = YES;
				CLANG_ENABLE_OBJC_ARC = YES;
				CLANG_ENABLE_OBJC_WEAK = YES;
				CLANG_WARN_BLOCK_CAPTURE_AUTORELEASING = YES;
				CLANG_WARN_BOOL_CONVERSION = YES;
				CLANG_WARN_COMMA = YES;
				CLANG_WARN_CONSTANT_CONVERSION = YES;
				CLANG_WARN_DEPRECATED_OBJC_IMPLEMENTATIONS = YES;
				CLANG_WARN_DIRECT_OBJC_ISA_USAGE = YES_ERROR;
				CLANG_WARN_DOCUMENTATION_COMMENTS = YES;
				CLANG_WARN_EMPTY_BODY = YES;
				CLANG_WARN_ENUM_CONVERSION = YES;
				CLANG_WARN_INFINITE_RECURSION = YES;
				CLANG_WARN_INT_CONVERSION = YES;
				CLANG_WARN_NON_LITERAL_NULL_CONVERSION = YES;
				CLANG_WARN_OBJC_IMPLICIT_RETAIN_SELF = YES;
				CLANG_WARN_OBJC_LITERAL_CONVERSION = YES;
				CLANG_WARN_OBJC_ROOT_CLASS = YES_ERROR;
				CLANG_WARN_QUOTED_INCLUDE_IN_FRAMEWORK_HEADER = YES;
				CLANG_WARN_RANGE_LOOP_ANALYSIS = YES;
				CLANG_WARN_STRICT_PROTOTYPES = YES;
				CLANG_WARN_SUSPICIOUS_MOVE = YES;
				CLANG_WARN_UNGUARDED_AVAILABILITY = YES_AGGRESSIVE;
				CLANG_WARN_UNREACHABLE_CODE = YES;
				CLANG_WARN__DUPLICATE_METHOD_MATCH = YES;
				COPY_PHASE_STRIP = NO;
				DEBUG_INFORMATION_FORMAT = "dwarf-with-dsym";
				ENABLE_NS_ASSERTIONS = NO;
				ENABLE_STRICT_OBJC_MSGSEND = YES;
				GCC_C_LANGUAGE_STANDARD = gnu11;
				GCC_NO_COMMON_BLOCKS = YES;
				GCC_WARN_64_TO_32_BIT_CONVERSION = YES;
				GCC_WARN_ABOUT_RETURN_TYPE = YES_ERROR;
				GCC_WARN_UNDECLARED_SELECTOR = YES;
				GCC_WARN_UNINITIALIZED_AUTOS = YES_AGGRESSIVE;
				GCC_WARN_UNUSED_FUNCTION = YES;
				GCC_WARN_UNUSED_VARIABLE = YES;
				IPHONEOS_DEPLOYMENT_TARGET = 16.4;
				MTL_ENABLE_DEBUG_INFO = NO;
				MTL_FAST_MATH = YES;
				SDKROOT = iphoneos;
				SWIFT_COMPILATION_MODE = wholemodule;
				SWIFT_OPTIMIZATION_LEVEL = "-O";
				VALIDATE_PRODUCT = YES;
			};
			name = Release;
		};
		54EC56F42B50C77600D8EDEB /* Debug */ = {
			isa = XCBuildConfiguration;
			buildSettings = {
				ASSETCATALOG_COMPILER_APPICON_NAME = AppIcon;
				ASSETCATALOG_COMPILER_GLOBAL_ACCENT_COLOR_NAME = AccentColor;
				CODE_SIGN_STYLE = Automatic;
				CURRENT_PROJECT_VERSION = 1;
				DEVELOPMENT_TEAM = 7X75FNL228;
				GENERATE_INFOPLIST_FILE = YES;
				INFOPLIST_FILE = WorldTrotter/Info.plist;
				INFOPLIST_KEY_UIApplicationSupportsIndirectInputEvents = YES;
				INFOPLIST_KEY_UILaunchStoryboardName = LaunchScreen;
				INFOPLIST_KEY_UIMainStoryboardFile = Main;
				INFOPLIST_KEY_UISupportedInterfaceOrientations = "UIInterfaceOrientationLandscapeLeft UIInterfaceOrientationLandscapeRight UIInterfaceOrientationPortrait UIInterfaceOrientationPortraitUpsideDown";
				IPHONEOS_DEPLOYMENT_TARGET = 16.3;
				LD_RUNPATH_SEARCH_PATHS = (
					"$(inherited)",
					"@executable_path/Frameworks",
				);
				MARKETING_VERSION = 1.0;
				PRODUCT_BUNDLE_IDENTIFIER = com.hackingwithswift.WorldTrotter;
				PRODUCT_NAME = "$(TARGET_NAME)";
				SWIFT_EMIT_LOC_STRINGS = YES;
				SWIFT_VERSION = 5.0;
				TARGETED_DEVICE_FAMILY = "1,2";
			};
			name = Debug;
		};
		54EC56F52B50C77600D8EDEB /* Release */ = {
			isa = XCBuildConfiguration;
			buildSettings = {
				ASSETCATALOG_COMPILER_APPICON_NAME = AppIcon;
				ASSETCATALOG_COMPILER_GLOBAL_ACCENT_COLOR_NAME = AccentColor;
				CODE_SIGN_STYLE = Automatic;
				CURRENT_PROJECT_VERSION = 1;
				DEVELOPMENT_TEAM = 7X75FNL228;
				GENERATE_INFOPLIST_FILE = YES;
				INFOPLIST_FILE = WorldTrotter/Info.plist;
				INFOPLIST_KEY_UIApplicationSupportsIndirectInputEvents = YES;
				INFOPLIST_KEY_UILaunchStoryboardName = LaunchScreen;
				INFOPLIST_KEY_UIMainStoryboardFile = Main;
				INFOPLIST_KEY_UISupportedInterfaceOrientations = "UIInterfaceOrientationLandscapeLeft UIInterfaceOrientationLandscapeRight UIInterfaceOrientationPortrait UIInterfaceOrientationPortraitUpsideDown";
				IPHONEOS_DEPLOYMENT_TARGET = 16.3;
				LD_RUNPATH_SEARCH_PATHS = (
					"$(inherited)",
					"@executable_path/Frameworks",
				);
				MARKETING_VERSION = 1.0;
				PRODUCT_BUNDLE_IDENTIFIER = com.hackingwithswift.WorldTrotter;
				PRODUCT_NAME = "$(TARGET_NAME)";
				SWIFT_EMIT_LOC_STRINGS = YES;
				SWIFT_VERSION = 5.0;
				TARGETED_DEVICE_FAMILY = "1,2";
			};
			name = Release;
		};
		54EC56F72B50C77600D8EDEB /* Debug */ = {
			isa = XCBuildConfiguration;
			buildSettings = {
				ALWAYS_EMBED_SWIFT_STANDARD_LIBRARIES = YES;
				BUNDLE_LOADER = "$(TEST_HOST)";
				CODE_SIGN_STYLE = Automatic;
				CURRENT_PROJECT_VERSION = 1;
				DEVELOPMENT_TEAM = 7X75FNL228;
				GENERATE_INFOPLIST_FILE = YES;
				IPHONEOS_DEPLOYMENT_TARGET = 16.4;
				MARKETING_VERSION = 1.0;
				PRODUCT_BUNDLE_IDENTIFIER = com.hackingwithswift.WorldTrotterTests;
				PRODUCT_NAME = "$(TARGET_NAME)";
				SWIFT_EMIT_LOC_STRINGS = NO;
				SWIFT_VERSION = 5.0;
				TARGETED_DEVICE_FAMILY = "1,2";
				TEST_HOST = "$(BUILT_PRODUCTS_DIR)/WorldTrotter.app/$(BUNDLE_EXECUTABLE_FOLDER_PATH)/WorldTrotter";
			};
			name = Debug;
		};
		54EC56F82B50C77600D8EDEB /* Release */ = {
			isa = XCBuildConfiguration;
			buildSettings = {
				ALWAYS_EMBED_SWIFT_STANDARD_LIBRARIES = YES;
				BUNDLE_LOADER = "$(TEST_HOST)";
				CODE_SIGN_STYLE = Automatic;
				CURRENT_PROJECT_VERSION = 1;
				DEVELOPMENT_TEAM = 7X75FNL228;
				GENERATE_INFOPLIST_FILE = YES;
				IPHONEOS_DEPLOYMENT_TARGET = 16.4;
				MARKETING_VERSION = 1.0;
				PRODUCT_BUNDLE_IDENTIFIER = com.hackingwithswift.WorldTrotterTests;
				PRODUCT_NAME = "$(TARGET_NAME)";
				SWIFT_EMIT_LOC_STRINGS = NO;
				SWIFT_VERSION = 5.0;
				TARGETED_DEVICE_FAMILY = "1,2";
				TEST_HOST = "$(BUILT_PRODUCTS_DIR)/WorldTrotter.app/$(BUNDLE_EXECUTABLE_FOLDER_PATH)/WorldTrotter";
			};
			name = Release;
		};
		54EC56FA2B50C77600D8EDEB /* Debug */ = {
			isa = XCBuildConfiguration;
			buildSettings = {
				ALWAYS_EMBED_SWIFT_STANDARD_LIBRARIES = YES;
				CODE_SIGN_STYLE = Automatic;
				CURRENT_PROJECT_VERSION = 1;
				DEVELOPMENT_TEAM = 7X75FNL228;
				GENERATE_INFOPLIST_FILE = YES;
				MARKETING_VERSION = 1.0;
				PRODUCT_BUNDLE_IDENTIFIER = com.hackingwithswift.WorldTrotterUITests;
				PRODUCT_NAME = "$(TARGET_NAME)";
				SWIFT_EMIT_LOC_STRINGS = NO;
				SWIFT_VERSION = 5.0;
				TARGETED_DEVICE_FAMILY = "1,2";
				TEST_TARGET_NAME = WorldTrotter;
			};
			name = Debug;
		};
		54EC56FB2B50C77600D8EDEB /* Release */ = {
			isa = XCBuildConfiguration;
			buildSettings = {
				ALWAYS_EMBED_SWIFT_STANDARD_LIBRARIES = YES;
				CODE_SIGN_STYLE = Automatic;
				CURRENT_PROJECT_VERSION = 1;
				DEVELOPMENT_TEAM = 7X75FNL228;
				GENERATE_INFOPLIST_FILE = YES;
				MARKETING_VERSION = 1.0;
				PRODUCT_BUNDLE_IDENTIFIER = com.hackingwithswift.WorldTrotterUITests;
				PRODUCT_NAME = "$(TARGET_NAME)";
				SWIFT_EMIT_LOC_STRINGS = NO;
				SWIFT_VERSION = 5.0;
				TARGETED_DEVICE_FAMILY = "1,2";
				TEST_TARGET_NAME = WorldTrotter;
			};
			name = Release;
		};
/* End XCBuildConfiguration section */

/* Begin XCConfigurationList section */
		54EC56C42B50C77500D8EDEB /* Build configuration list for PBXProject "WorldTrotter" */ = {
			isa = XCConfigurationList;
			buildConfigurations = (
				54EC56F12B50C77600D8EDEB /* Debug */,
				54EC56F22B50C77600D8EDEB /* Release */,
			);
			defaultConfigurationIsVisible = 0;
			defaultConfigurationName = Release;
		};
		54EC56F32B50C77600D8EDEB /* Build configuration list for PBXNativeTarget "WorldTrotter" */ = {
			isa = XCConfigurationList;
			buildConfigurations = (
				54EC56F42B50C77600D8EDEB /* Debug */,
				54EC56F52B50C77600D8EDEB /* Release */,
			);
			defaultConfigurationIsVisible = 0;
			defaultConfigurationName = Release;
		};
		54EC56F62B50C77600D8EDEB /* Build configuration list for PBXNativeTarget "WorldTrotterTests" */ = {
			isa = XCConfigurationList;
			buildConfigurations = (
				54EC56F72B50C77600D8EDEB /* Debug */,
				54EC56F82B50C77600D8EDEB /* Release */,
			);
			defaultConfigurationIsVisible = 0;
			defaultConfigurationName = Release;
		};
		54EC56F92B50C77600D8EDEB /* Build configuration list for PBXNativeTarget "WorldTrotterUITests" */ = {
			isa = XCConfigurationList;
			buildConfigurations = (
				54EC56FA2B50C77600D8EDEB /* Debug */,
				54EC56FB2B50C77600D8EDEB /* Release */,
			);
			defaultConfigurationIsVisible = 0;
			defaultConfigurationName = Release;
		};
/* End XCConfigurationList section */
	};
	rootObject = 54EC56C12B50C77500D8EDEB /* Project object */;
}
