// !$*UTF8*$!
{
	archiveVersion = 1;
	classes = {
	};
	objectVersion = 56;
	objects = {

/* Begin PBXBuildFile section */
		54EC55622B16DE2B00D8EDEB /* main.m in Sources */ = {isa = PBXBuildFile; fileRef = 54EC55612B16DE2B00D8EDEB /* main.m */; };
		54EC556A2B16DEE700D8EDEB /* NSString+BNRVowelCounting.m in Sources */ = {isa = PBXBuildFile; fileRef = 54EC55692B16DEE700D8EDEB /* NSString+BNRVowelCounting.m */; };
/* End PBXBuildFile section */

/* Begin PBXCopyFilesBuildPhase section */
		54EC555C2B16DE2B00D8EDEB /* CopyFiles */ = {
			isa = PBXCopyFilesBuildPhase;
			buildActionMask = 2147483647;
			dstPath = /usr/share/man/man1/;
			dstSubfolderSpec = 0;
			files = (
			);
			runOnlyForDeploymentPostprocessing = 1;
		};
/* End PBXCopyFilesBuildPhase section */

/* Begin PBXFileReference section */
		54EC555E2B16DE2B00D8EDEB /* VowelCounter */ = {isa = PBXFileReference; explicitFileType = "compiled.mach-o.executable"; includeInIndex = 0; path = VowelCounter; sourceTree = BUILT_PRODUCTS_DIR; };
		54EC55612B16DE2B00D8EDEB /* main.m */ = {isa = PBXFileReference; lastKnownFileType = sourcecode.c.objc; path = main.m; sourceTree = "<group>"; };
		54EC55682B16DEE700D8EDEB /* NSString+BNRVowelCounting.h */ = {isa = PBXFileReference; lastKnownFileType = sourcecode.c.h; path = "NSString+BNRVowelCounting.h"; sourceTree = "<group>"; };
		54EC55692B16DEE700D8EDEB /* NSString+BNRVowelCounting.m */ = {isa = PBXFileReference; lastKnownFileType = sourcecode.c.objc; path = "NSString+BNRVowelCounting.m"; sourceTree = "<group>"; };
/* End PBXFileReference section */

/* Begin PBXFrameworksBuildPhase section */
		54EC555B2B16DE2B00D8EDEB /* Frameworks */ = {
			isa = PBXFrameworksBuildPhase;
			buildActionMask = 2147483647;
			files = (
			);
			runOnlyForDeploymentPostprocessing = 0;
		};
/* End PBXFrameworksBuildPhase section */

/* Begin PBXGroup section */
		54EC55552B16DE2B00D8EDEB = {
			isa = PBXGroup;
			children = (
				54EC55602B16DE2B00D8EDEB /* VowelCounter */,
				54EC555F2B16DE2B00D8EDEB /* Products */,
			);
			sourceTree = "<group>";
		};
		54EC555F2B16DE2B00D8EDEB /* Products */ = {
			isa = PBXGroup;
			children = (
				54EC555E2B16DE2B00D8EDEB /* VowelCounter */,
			);
			name = Products;
			sourceTree = "<group>";
		};
		54EC55602B16DE2B00D8EDEB /* VowelCounter */ = {
			isa = PBXGroup;
			children = (
				54EC55612B16DE2B00D8EDEB /* main.m */,
				54EC55682B16DEE700D8EDEB /* NSString+BNRVowelCounting.h */,
				54EC55692B16DEE700D8EDEB /* NSString+BNRVowelCounting.m */,
			);
			path = VowelCounter;
			sourceTree = "<group>";
		};
/* End PBXGroup section */

/* Begin PBXNativeTarget section */
		54EC555D2B16DE2B00D8EDEB /* VowelCounter */ = {
			isa = PBXNativeTarget;
			buildConfigurationList = 54EC55652B16DE2B00D8EDEB /* Build configuration list for PBXNativeTarget "VowelCounter" */;
			buildPhases = (
				54EC555A2B16DE2B00D8EDEB /* Sources */,
				54EC555B2B16DE2B00D8EDEB /* Frameworks */,
				54EC555C2B16DE2B00D8EDEB /* CopyFiles */,
			);
			buildRules = (
			);
			dependencies = (
			);
			name = VowelCounter;
			productName = VowelCounter;
			productReference = 54EC555E2B16DE2B00D8EDEB /* VowelCounter */;
			productType = "com.apple.product-type.tool";
		};
/* End PBXNativeTarget section */

/* Begin PBXProject section */
		54EC55562B16DE2B00D8EDEB /* Project object */ = {
			isa = PBXProject;
			attributes = {
				BuildIndependentTargetsInParallel = 1;
				LastUpgradeCheck = 1430;
				TargetAttributes = {
					54EC555D2B16DE2B00D8EDEB = {
						CreatedOnToolsVersion = 14.3;
					};
				};
			};
			buildConfigurationList = 54EC55592B16DE2B00D8EDEB /* Build configuration list for PBXProject "VowelCounter" */;
			compatibilityVersion = "Xcode 14.0";
			developmentRegion = en;
			hasScannedForEncodings = 0;
			knownRegions = (
				en,
				Base,
			);
			mainGroup = 54EC55552B16DE2B00D8EDEB;
			productRefGroup = 54EC555F2B16DE2B00D8EDEB /* Products */;
			projectDirPath = "";
			projectRoot = "";
			targets = (
				54EC555D2B16DE2B00D8EDEB /* VowelCounter */,
			);
		};
/* End PBXProject section */

/* Begin PBXSourcesBuildPhase section */
		54EC555A2B16DE2B00D8EDEB /* Sources */ = {
			isa = PBXSourcesBuildPhase;
			buildActionMask = 2147483647;
			files = (
				54EC55622B16DE2B00D8EDEB /* main.m in Sources */,
				54EC556A2B16DEE700D8EDEB /* NSString+BNRVowelCounting.m in Sources */,
			);
			runOnlyForDeploymentPostprocessing = 0;
		};
/* End PBXSourcesBuildPhase section */

/* Begin XCBuildConfiguration section */
		54EC55632B16DE2B00D8EDEB /* Debug */ = {
			isa = XCBuildConfiguration;
			buildSettings = {
				ALWAYS_SEARCH_USER_PATHS = NO;
				CLANG_ANALYZER_NONNULL = YES;
				CLANG_ANALYZER_NUMBER_OBJECT_CONVERSION = YES_AGGRESSIVE;
				CLANG_CXX_LANGUAGE_STANDARD = "gnu++20";
				CLANG_ENABLE_MODULES = YES;
				CLANG_ENABLE_OBJC_ARC = YES;
				CLANG_ENABLE_OBJC_WEAK = YES;
				CLANG_WARN_BLOCK_CAPTURE_AUTORELEASING = YES;
				CLANG_WARN_BOOL_CONVERSION = YES;
				CLANG_WARN_COMMA = YES;
				CLANG_WARN_CONSTANT_CONVERSION = YES;
				CLANG_WARN_DEPRECATED_OBJC_IMPLEMENTATIONS = YES;
				CLANG_WARN_DIRECT_OBJC_ISA_USAGE = YES_ERROR;
				CLANG_WARN_DOCUMENTATION_COMMENTS = YES;
				CLANG_WARN_EMPTY_BODY = YES;
				CLANG_WARN_ENUM_CONVERSION = YES;
				CLANG_WARN_INFINITE_RECURSION = YES;
				CLANG_WARN_INT_CONVERSION = YES;
				CLANG_WARN_NON_LITERAL_NULL_CONVERSION = YES;
				CLANG_WARN_OBJC_IMPLICIT_RETAIN_SELF = YES;
				CLANG_WARN_OBJC_LITERAL_CONVERSION = YES;
				CLANG_WARN_OBJC_ROOT_CLASS = YES_ERROR;
				CLANG_WARN_QUOTED_INCLUDE_IN_FRAMEWORK_HEADER = YES;
				CLANG_WARN_RANGE_LOOP_ANALYSIS = YES;
				CLANG_WARN_STRICT_PROTOTYPES = YES;
				CLANG_WARN_SUSPICIOUS_MOVE = YES;
				CLANG_WARN_UNGUARDED_AVAILABILITY = YES_AGGRESSIVE;
				CLANG_WARN_UNREACHABLE_CODE = YES;
				CLANG_WARN__DUPLICATE_METHOD_MATCH = YES;
				COPY_PHASE_STRIP = NO;
				DEBUG_INFORMATION_FORMAT = dwarf;
				ENABLE_STRICT_OBJC_MSGSEND = YES;
				ENABLE_TESTABILITY = YES;
				GCC_C_LANGUAGE_STANDARD = gnu11;
				GCC_DYNAMIC_NO_PIC = NO;
				GCC_NO_COMMON_BLOCKS = YES;
				GCC_OPTIMIZATION_LEVEL = 0;
				GCC_PREPROCESSOR_DEFINITIONS = (
					"DEBUG=1",
					"$(inherited)",
				);
				GCC_WARN_64_TO_32_BIT_CONVERSION = YES;
				GCC_WARN_ABOUT_RETURN_TYPE = YES_ERROR;
				GCC_WARN_UNDECLARED_SELECTOR = YES;
				GCC_WARN_UNINITIALIZED_AUTOS = YES_AGGRESSIVE;
				GCC_WARN_UNUSED_FUNCTION = YES;
				GCC_WARN_UNUSED_VARIABLE = YES;
				MACOSX_DEPLOYMENT_TARGET = 13.3;
				MTL_ENABLE_DEBUG_INFO = INCLUDE_SOURCE;
				MTL_FAST_MATH = YES;
				ONLY_ACTIVE_ARCH = YES;
				SDKROOT = macosx;
			};
			name = Debug;
		};
		54EC55642B16DE2B00D8EDEB /* Release */ = {
			isa = XCBuildConfiguration;
			buildSettings = {
				ALWAYS_SEARCH_USER_PATHS = NO;
				CLANG_ANALYZER_NONNULL = YES;
				CLANG_ANALYZER_NUMBER_OBJECT_CONVERSION = YES_AGGRESSIVE;
				CLANG_CXX_LANGUAGE_STANDARD = "gnu++20";
				CLANG_ENABLE_MODULES = YES;
				CLANG_ENABLE_OBJC_ARC = YES;
				CLANG_ENABLE_OBJC_WEAK = YES;
				CLANG_WARN_BLOCK_CAPTURE_AUTORELEASING = YES;
				CLANG_WARN_BOOL_CONVERSION = YES;
				CLANG_WARN_COMMA = YES;
				CLANG_WARN_CONSTANT_CONVERSION = YES;
				CLANG_WARN_DEPRECATED_OBJC_IMPLEMENTATIONS = YES;
				CLANG_WARN_DIRECT_OBJC_ISA_USAGE = YES_ERROR;
				CLANG_WARN_DOCUMENTATION_COMMENTS = YES;
				CLANG_WARN_EMPTY_BODY = YES;
				CLANG_WARN_ENUM_CONVERSION = YES;
				CLANG_WARN_INFINITE_RECURSION = YES;
				CLANG_WARN_INT_CONVERSION = YES;
				CLANG_WARN_NON_LITERAL_NULL_CONVERSION = YES;
				CLANG_WARN_OBJC_IMPLICIT_RETAIN_SELF = YES;
				CLANG_WARN_OBJC_LITERAL_CONVERSION = YES;
				CLANG_WARN_OBJC_ROOT_CLASS = YES_ERROR;
				CLANG_WARN_QUOTED_INCLUDE_IN_FRAMEWORK_HEADER = YES;
				CLANG_WARN_RANGE_LOOP_ANALYSIS = YES;
				CLANG_WARN_STRICT_PROTOTYPES = YES;
				CLANG_WARN_SUSPICIOUS_MOVE = YES;
				CLANG_WARN_UNGUARDED_AVAILABILITY = YES_AGGRESSIVE;
				CLANG_WARN_UNREACHABLE_CODE = YES;
				CLANG_WARN__DUPLICATE_METHOD_MATCH = YES;
				COPY_PHASE_STRIP = NO;
				DEBUG_INFORMATION_FORMAT = "dwarf-with-dsym";
				ENABLE_NS_ASSERTIONS = NO;
				ENABLE_STRICT_OBJC_MSGSEND = YES;
				GCC_C_LANGUAGE_STANDARD = gnu11;
				GCC_NO_COMMON_BLOCKS = YES;
				GCC_WARN_64_TO_32_BIT_CONVERSION = YES;
				GCC_WARN_ABOUT_RETURN_TYPE = YES_ERROR;
				GCC_WARN_UNDECLARED_SELECTOR = YES;
				GCC_WARN_UNINITIALIZED_AUTOS = YES_AGGRESSIVE;
				GCC_WARN_UNUSED_FUNCTION = YES;
				GCC_WARN_UNUSED_VARIABLE = YES;
				MACOSX_DEPLOYMENT_TARGET = 13.3;
				MTL_ENABLE_DEBUG_INFO = NO;
				MTL_FAST_MATH = YES;
				SDKROOT = macosx;
			};
			name = Release;
		};
		54EC55662B16DE2B00D8EDEB /* Debug */ = {
			isa = XCBuildConfiguration;
			buildSettings = {
				CODE_SIGN_STYLE = Automatic;
				PRODUCT_NAME = "$(TARGET_NAME)";
			};
			name = Debug;
		};
		54EC55672B16DE2B00D8EDEB /* Release */ = {
			isa = XCBuildConfiguration;
			buildSettings = {
				CODE_SIGN_STYLE = Automatic;
				PRODUCT_NAME = "$(TARGET_NAME)";
			};
			name = Release;
		};
/* End XCBuildConfiguration section */

/* Begin XCConfigurationList section */
		54EC55592B16DE2B00D8EDEB /* Build configuration list for PBXProject "VowelCounter" */ = {
			isa = XCConfigurationList;
			buildConfigurations = (
				54EC55632B16DE2B00D8EDEB /* Debug */,
				54EC55642B16DE2B00D8EDEB /* Release */,
			);
			defaultConfigurationIsVisible = 0;
			defaultConfigurationName = Release;
		};
		54EC55652B16DE2B00D8EDEB /* Build configuration list for PBXNativeTarget "VowelCounter" */ = {
			isa = XCConfigurationList;
			buildConfigurations = (
				54EC55662B16DE2B00D8EDEB /* Debug */,
				54EC55672B16DE2B00D8EDEB /* Release */,
			);
			defaultConfigurationIsVisible = 0;
			defaultConfigurationName = Release;
		};
/* End XCConfigurationList section */
	};
	rootObject = 54EC55562B16DE2B00D8EDEB /* Project object */;
}
